
Microsoft Visual Studio Solution File, Format Version 12.00
# Visual Studio Version 17
VisualStudioVersion = 17.11.35303.130
MinimumVisualStudioVersion = 10.0.40219.1
Project("{FAE04EC0-301F-11D3-BF4B-00C04F79EFBC}") = "Lecture_2", "Lecture_2.csproj", "{93CC3608-CBCC-49F5-AB86-6F1C3F80C6D7}"
EndProject
Global
	GlobalSection(SolutionConfigurationPlatforms) = preSolution
		Debug|Any CPU = Debug|Any CPU
		Release|Any CPU = Release|Any CPU
	EndGlobalSection
	GlobalSection(ProjectConfigurationPlatforms) = postSolution
		{93CC3608-CBCC-49F5-AB86-6F1C3F80C6D7}.Debug|Any CPU.ActiveCfg = Debug|Any CPU
		{93CC3608-CBCC-49F5-AB86-6F1C3F80C6D7}.Debug|Any CPU.Build.0 = Debug|Any CPU
		{93CC3608-CBCC-49F5-AB86-6F1C3F80C6D7}.Release|Any CPU.ActiveCfg = Release|Any CPU
		{93CC3608-CBCC-49F5-AB86-6F1C3F80C6D7}.Release|Any CPU.Build.0 = Release|Any CPU
	EndGlobalSection
	GlobalSection(SolutionProperties) = preSolution
		HideSolutionNode = FALSE
	EndGlobalSection
	GlobalSection(ExtensibilityGlobals) = postSolution
		SolutionGuid = {8FC69C30-D00B-432E-85D3-A79EC82B2E8B}
	EndGlobalSection
EndGlobal
